
Microsoft Visual Studio Solution File, Format Version 12.00
# Visual Studio Version 16
VisualStudioVersion = 16.0.30621.155
MinimumVisualStudioVersion = 10.0.40219.1
Project("{FAE04EC0-301F-11D3-BF4B-00C04F79EFBC}") = "Pong", "Pong.csproj", "{171499F9-DB53-4FD1-8B22-3045107392E9}"
EndProject
Global
	GlobalSection(SolutionConfigurationPlatforms) = preSolution
		Debug|Any CPU = Debug|Any CPU
		Release|Any CPU = Release|Any CPU
	EndGlobalSection
	GlobalSection(ProjectConfigurationPlatforms) = postSolution
		{171499F9-DB53-4FD1-8B22-3045107392E9}.Debug|Any CPU.ActiveCfg = Debug|Any CPU
		{171499F9-DB53-4FD1-8B22-3045107392E9}.Debug|Any CPU.Build.0 = Debug|Any CPU
		{171499F9-DB53-4FD1-8B22-3045107392E9}.Release|Any CPU.ActiveCfg = Release|Any CPU
		{171499F9-DB53-4FD1-8B22-3045107392E9}.Release|Any CPU.Build.0 = Release|Any CPU
	EndGlobalSection
	GlobalSection(SolutionProperties) = preSolution
		HideSolutionNode = FALSE
	EndGlobalSection
	GlobalSection(ExtensibilityGlobals) = postSolution
		SolutionGuid = {36F79FA3-CC7F-4D70-9120-34E6579E5FE9}
	EndGlobalSection
EndGlobal
